// !$*UTF8*$!
{
	archiveVersion = 1;
	classes = {
	};
	objectVersion = 50;
	objects = {

/* Begin PBXBuildFile section */
		483170A225D8B74A00C41560 /* AppDelegate.swift in Sources */ = {isa = PBXBuildFile; fileRef = 483170A125D8B74A00C41560 /* AppDelegate.swift */; };
		483170A425D8B74A00C41560 /* SceneDelegate.swift in Sources */ = {isa = PBXBuildFile; fileRef = 483170A325D8B74A00C41560 /* SceneDelegate.swift */; };
		483170A625D8B74A00C41560 /* ViewController.swift in Sources */ = {isa = PBXBuildFile; fileRef = 483170A525D8B74A00C41560 /* ViewController.swift */; };
		483170A925D8B74A00C41560 /* Main.storyboard in Resources */ = {isa = PBXBuildFile; fileRef = 483170A725D8B74A00C41560 /* Main.storyboard */; };
		483170AC25D8B74A00C41560 /* Octopoda.xcdatamodeld in Sources */ = {isa = PBXBuildFile; fileRef = 483170AA25D8B74A00C41560 /* Octopoda.xcdatamodeld */; };
		483170AE25D8B74B00C41560 /* Assets.xcassets in Resources */ = {isa = PBXBuildFile; fileRef = 483170AD25D8B74B00C41560 /* Assets.xcassets */; };
		483170B125D8B74B00C41560 /* LaunchScreen.storyboard in Resources */ = {isa = PBXBuildFile; fileRef = 483170AF25D8B74B00C41560 /* LaunchScreen.storyboard */; };
		483170BC25D8C08100C41560 /* Countdown.swift in Sources */ = {isa = PBXBuildFile; fileRef = 483170BB25D8C08100C41560 /* Countdown.swift */; };
		483170BF25D8C27900C41560 /* CountdownController.swift in Sources */ = {isa = PBXBuildFile; fileRef = 483170BE25D8C27900C41560 /* CountdownController.swift */; };
		483170C225D8C2A000C41560 /* CreateController.swift in Sources */ = {isa = PBXBuildFile; fileRef = 483170C125D8C2A000C41560 /* CreateController.swift */; };
/* End PBXBuildFile section */

/* Begin PBXFileReference section */
		4831709E25D8B74A00C41560 /* Octopoda.app */ = {isa = PBXFileReference; explicitFileType = wrapper.application; includeInIndex = 0; path = Octopoda.app; sourceTree = BUILT_PRODUCTS_DIR; };
		483170A125D8B74A00C41560 /* AppDelegate.swift */ = {isa = PBXFileReference; lastKnownFileType = sourcecode.swift; path = AppDelegate.swift; sourceTree = "<group>"; };
		483170A325D8B74A00C41560 /* SceneDelegate.swift */ = {isa = PBXFileReference; lastKnownFileType = sourcecode.swift; path = SceneDelegate.swift; sourceTree = "<group>"; };
		483170A525D8B74A00C41560 /* ViewController.swift */ = {isa = PBXFileReference; lastKnownFileType = sourcecode.swift; path = ViewController.swift; sourceTree = "<group>"; };
		483170A825D8B74A00C41560 /* Base */ = {isa = PBXFileReference; lastKnownFileType = file.storyboard; name = Base; path = Base.lproj/Main.storyboard; sourceTree = "<group>"; };
		483170AB25D8B74A00C41560 /* Octopoda.xcdatamodel */ = {isa = PBXFileReference; lastKnownFileType = wrapper.xcdatamodel; path = Octopoda.xcdatamodel; sourceTree = "<group>"; };
		483170AD25D8B74B00C41560 /* Assets.xcassets */ = {isa = PBXFileReference; lastKnownFileType = folder.assetcatalog; path = Assets.xcassets; sourceTree = "<group>"; };
		483170B025D8B74B00C41560 /* Base */ = {isa = PBXFileReference; lastKnownFileType = file.storyboard; name = Base; path = Base.lproj/LaunchScreen.storyboard; sourceTree = "<group>"; };
		483170B225D8B74B00C41560 /* Info.plist */ = {isa = PBXFileReference; lastKnownFileType = text.plist.xml; path = Info.plist; sourceTree = "<group>"; };
		483170BB25D8C08100C41560 /* Countdown.swift */ = {isa = PBXFileReference; lastKnownFileType = sourcecode.swift; path = Countdown.swift; sourceTree = "<group>"; };
		483170BE25D8C27900C41560 /* CountdownController.swift */ = {isa = PBXFileReference; lastKnownFileType = sourcecode.swift; path = CountdownController.swift; sourceTree = "<group>"; };
		483170C125D8C2A000C41560 /* CreateController.swift */ = {isa = PBXFileReference; lastKnownFileType = sourcecode.swift; path = CreateController.swift; sourceTree = "<group>"; };
/* End PBXFileReference section */

/* Begin PBXFrameworksBuildPhase section */
		4831709B25D8B74A00C41560 /* Frameworks */ = {
			isa = PBXFrameworksBuildPhase;
			buildActionMask = 2147483647;
			files = (
			);
			runOnlyForDeploymentPostprocessing = 0;
		};
/* End PBXFrameworksBuildPhase section */

/* Begin PBXGroup section */
		4831709525D8B74A00C41560 = {
			isa = PBXGroup;
			children = (
				483170A025D8B74A00C41560 /* Octopoda */,
				4831709F25D8B74A00C41560 /* Products */,
			);
			sourceTree = "<group>";
		};
		4831709F25D8B74A00C41560 /* Products */ = {
			isa = PBXGroup;
			children = (
				4831709E25D8B74A00C41560 /* Octopoda.app */,
			);
			name = Products;
			sourceTree = "<group>";
		};
		483170A025D8B74A00C41560 /* Octopoda */ = {
			isa = PBXGroup;
			children = (
				483170BA25D8C06C00C41560 /* controller */,
				483170B925D8C06600C41560 /* model */,
				483170A125D8B74A00C41560 /* AppDelegate.swift */,
				483170A325D8B74A00C41560 /* SceneDelegate.swift */,
				483170A725D8B74A00C41560 /* Main.storyboard */,
				483170AD25D8B74B00C41560 /* Assets.xcassets */,
				483170AF25D8B74B00C41560 /* LaunchScreen.storyboard */,
				483170B225D8B74B00C41560 /* Info.plist */,
				483170AA25D8B74A00C41560 /* Octopoda.xcdatamodeld */,
			);
			path = Octopoda;
			sourceTree = "<group>";
		};
		483170B925D8C06600C41560 /* model */ = {
			isa = PBXGroup;
			children = (
				483170BB25D8C08100C41560 /* Countdown.swift */,
			);
			path = model;
			sourceTree = "<group>";
		};
		483170BA25D8C06C00C41560 /* controller */ = {
			isa = PBXGroup;
			children = (
				483170A525D8B74A00C41560 /* ViewController.swift */,
				483170BE25D8C27900C41560 /* CountdownController.swift */,
				483170C125D8C2A000C41560 /* CreateController.swift */,
			);
			path = controller;
			sourceTree = "<group>";
		};
/* End PBXGroup section */

/* Begin PBXNativeTarget section */
		4831709D25D8B74A00C41560 /* Octopoda */ = {
			isa = PBXNativeTarget;
			buildConfigurationList = 483170B525D8B74B00C41560 /* Build configuration list for PBXNativeTarget "Octopoda" */;
			buildPhases = (
				4831709A25D8B74A00C41560 /* Sources */,
				4831709B25D8B74A00C41560 /* Frameworks */,
				4831709C25D8B74A00C41560 /* Resources */,
			);
			buildRules = (
			);
			dependencies = (
			);
			name = Octopoda;
			productName = Octopoda;
			productReference = 4831709E25D8B74A00C41560 /* Octopoda.app */;
			productType = "com.apple.product-type.application";
		};
/* End PBXNativeTarget section */

/* Begin PBXProject section */
		4831709625D8B74A00C41560 /* Project object */ = {
			isa = PBXProject;
			attributes = {
				LastSwiftUpdateCheck = 1240;
				LastUpgradeCheck = 1240;
				TargetAttributes = {
					4831709D25D8B74A00C41560 = {
						CreatedOnToolsVersion = 12.4;
					};
				};
			};
			buildConfigurationList = 4831709925D8B74A00C41560 /* Build configuration list for PBXProject "Octopoda" */;
			compatibilityVersion = "Xcode 9.3";
			developmentRegion = en;
			hasScannedForEncodings = 0;
			knownRegions = (
				en,
				Base,
			);
			mainGroup = 4831709525D8B74A00C41560;
			productRefGroup = 4831709F25D8B74A00C41560 /* Products */;
			projectDirPath = "";
			projectRoot = "";
			targets = (
				4831709D25D8B74A00C41560 /* Octopoda */,
			);
		};
/* End PBXProject section */

/* Begin PBXResourcesBuildPhase section */
		4831709C25D8B74A00C41560 /* Resources */ = {
			isa = PBXResourcesBuildPhase;
			buildActionMask = 2147483647;
			files = (
				483170B125D8B74B00C41560 /* LaunchScreen.storyboard in Resources */,
				483170AE25D8B74B00C41560 /* Assets.xcassets in Resources */,
				483170A925D8B74A00C41560 /* Main.storyboard in Resources */,
			);
			runOnlyForDeploymentPostprocessing = 0;
		};
/* End PBXResourcesBuildPhase section */

/* Begin PBXSourcesBuildPhase section */
		4831709A25D8B74A00C41560 /* Sources */ = {
			isa = PBXSourcesBuildPhase;
			buildActionMask = 2147483647;
			files = (
				483170A625D8B74A00C41560 /* ViewController.swift in Sources */,
				483170BF25D8C27900C41560 /* CountdownController.swift in Sources */,
				483170A225D8B74A00C41560 /* AppDelegate.swift in Sources */,
				483170AC25D8B74A00C41560 /* Octopoda.xcdatamodeld in Sources */,
				483170A425D8B74A00C41560 /* SceneDelegate.swift in Sources */,
				483170C225D8C2A000C41560 /* CreateController.swift in Sources */,
				483170BC25D8C08100C41560 /* Countdown.swift in Sources */,
			);
			runOnlyForDeploymentPostprocessing = 0;
		};
/* End PBXSourcesBuildPhase section */

/* Begin PBXVariantGroup section */
		483170A725D8B74A00C41560 /* Main.storyboard */ = {
			isa = PBXVariantGroup;
			children = (
				483170A825D8B74A00C41560 /* Base */,
			);
			name = Main.storyboard;
			sourceTree = "<group>";
		};
		483170AF25D8B74B00C41560 /* LaunchScreen.storyboard */ = {
			isa = PBXVariantGroup;
			children = (
				483170B025D8B74B00C41560 /* Base */,
			);
			name = LaunchScreen.storyboard;
			sourceTree = "<group>";
		};
/* End PBXVariantGroup section */

/* Begin XCBuildConfiguration section */
		483170B325D8B74B00C41560 /* Debug */ = {
			isa = XCBuildConfiguration;
			buildSettings = {
				ALWAYS_SEARCH_USER_PATHS = NO;
				CLANG_ANALYZER_NONNULL = YES;
				CLANG_ANALYZER_NUMBER_OBJECT_CONVERSION = YES_AGGRESSIVE;
				CLANG_CXX_LANGUAGE_STANDARD = "gnu++14";
				CLANG_CXX_LIBRARY = "libc++";
				CLANG_ENABLE_MODULES = YES;
				CLANG_ENABLE_OBJC_ARC = YES;
				CLANG_ENABLE_OBJC_WEAK = YES;
				CLANG_WARN_BLOCK_CAPTURE_AUTORELEASING = YES;
				CLANG_WARN_BOOL_CONVERSION = YES;
				CLANG_WARN_COMMA = YES;
				CLANG_WARN_CONSTANT_CONVERSION = YES;
				CLANG_WARN_DEPRECATED_OBJC_IMPLEMENTATIONS = YES;
				CLANG_WARN_DIRECT_OBJC_ISA_USAGE = YES_ERROR;
				CLANG_WARN_DOCUMENTATION_COMMENTS = YES;
				CLANG_WARN_EMPTY_BODY = YES;
				CLANG_WARN_ENUM_CONVERSION = YES;
				CLANG_WARN_INFINITE_RECURSION = YES;
				CLANG_WARN_INT_CONVERSION = YES;
				CLANG_WARN_NON_LITERAL_NULL_CONVERSION = YES;
				CLANG_WARN_OBJC_IMPLICIT_RETAIN_SELF = YES;
				CLANG_WARN_OBJC_LITERAL_CONVERSION = YES;
				CLANG_WARN_OBJC_ROOT_CLASS = YES_ERROR;
				CLANG_WARN_QUOTED_INCLUDE_IN_FRAMEWORK_HEADER = YES;
				CLANG_WARN_RANGE_LOOP_ANALYSIS = YES;
				CLANG_WARN_STRICT_PROTOTYPES = YES;
				CLANG_WARN_SUSPICIOUS_MOVE = YES;
				CLANG_WARN_UNGUARDED_AVAILABILITY = YES_AGGRESSIVE;
				CLANG_WARN_UNREACHABLE_CODE = YES;
				CLANG_WARN__DUPLICATE_METHOD_MATCH = YES;
				COPY_PHASE_STRIP = NO;
				DEBUG_INFORMATION_FORMAT = dwarf;
				ENABLE_STRICT_OBJC_MSGSEND = YES;
				ENABLE_TESTABILITY = YES;
				GCC_C_LANGUAGE_STANDARD = gnu11;
				GCC_DYNAMIC_NO_PIC = NO;
				GCC_NO_COMMON_BLOCKS = YES;
				GCC_OPTIMIZATION_LEVEL = 0;
				GCC_PREPROCESSOR_DEFINITIONS = (
					"DEBUG=1",
					"$(inherited)",
				);
				GCC_WARN_64_TO_32_BIT_CONVERSION = YES;
				GCC_WARN_ABOUT_RETURN_TYPE = YES_ERROR;
				GCC_WARN_UNDECLARED_SELECTOR = YES;
				GCC_WARN_UNINITIALIZED_AUTOS = YES_AGGRESSIVE;
				GCC_WARN_UNUSED_FUNCTION = YES;
				GCC_WARN_UNUSED_VARIABLE = YES;
				IPHONEOS_DEPLOYMENT_TARGET = 14.4;
				MTL_ENABLE_DEBUG_INFO = INCLUDE_SOURCE;
				MTL_FAST_MATH = YES;
				ONLY_ACTIVE_ARCH = YES;
				SDKROOT = iphoneos;
				SWIFT_ACTIVE_COMPILATION_CONDITIONS = DEBUG;
				SWIFT_OPTIMIZATION_LEVEL = "-Onone";
			};
			name = Debug;
		};
		483170B425D8B74B00C41560 /* Release */ = {
			isa = XCBuildConfiguration;
			buildSettings = {
				ALWAYS_SEARCH_USER_PATHS = NO;
				CLANG_ANALYZER_NONNULL = YES;
				CLANG_ANALYZER_NUMBER_OBJECT_CONVERSION = YES_AGGRESSIVE;
				CLANG_CXX_LANGUAGE_STANDARD = "gnu++14";
				CLANG_CXX_LIBRARY = "libc++";
				CLANG_ENABLE_MODULES = YES;
				CLANG_ENABLE_OBJC_ARC = YES;
				CLANG_ENABLE_OBJC_WEAK = YES;
				CLANG_WARN_BLOCK_CAPTURE_AUTORELEASING = YES;
				CLANG_WARN_BOOL_CONVERSION = YES;
				CLANG_WARN_COMMA = YES;
				CLANG_WARN_CONSTANT_CONVERSION = YES;
				CLANG_WARN_DEPRECATED_OBJC_IMPLEMENTATIONS = YES;
				CLANG_WARN_DIRECT_OBJC_ISA_USAGE = YES_ERROR;
				CLANG_WARN_DOCUMENTATION_COMMENTS = YES;
				CLANG_WARN_EMPTY_BODY = YES;
				CLANG_WARN_ENUM_CONVERSION = YES;
				CLANG_WARN_INFINITE_RECURSION = YES;
				CLANG_WARN_INT_CONVERSION = YES;
				CLANG_WARN_NON_LITERAL_NULL_CONVERSION = YES;
				CLANG_WARN_OBJC_IMPLICIT_RETAIN_SELF = YES;
				CLANG_WARN_OBJC_LITERAL_CONVERSION = YES;
				CLANG_WARN_OBJC_ROOT_CLASS = YES_ERROR;
				CLANG_WARN_QUOTED_INCLUDE_IN_FRAMEWORK_HEADER = YES;
				CLANG_WARN_RANGE_LOOP_ANALYSIS = YES;
				CLANG_WARN_STRICT_PROTOTYPES = YES;
				CLANG_WARN_SUSPICIOUS_MOVE = YES;
				CLANG_WARN_UNGUARDED_AVAILABILITY = YES_AGGRESSIVE;
				CLANG_WARN_UNREACHABLE_CODE = YES;
				CLANG_WARN__DUPLICATE_METHOD_MATCH = YES;
				COPY_PHASE_STRIP = NO;
				DEBUG_INFORMATION_FORMAT = "dwarf-with-dsym";
				ENABLE_NS_ASSERTIONS = NO;
				ENABLE_STRICT_OBJC_MSGSEND = YES;
				GCC_C_LANGUAGE_STANDARD = gnu11;
				GCC_NO_COMMON_BLOCKS = YES;
				GCC_WARN_64_TO_32_BIT_CONVERSION = YES;
				GCC_WARN_ABOUT_RETURN_TYPE = YES_ERROR;
				GCC_WARN_UNDECLARED_SELECTOR = YES;
				GCC_WARN_UNINITIALIZED_AUTOS = YES_AGGRESSIVE;
				GCC_WARN_UNUSED_FUNCTION = YES;
				GCC_WARN_UNUSED_VARIABLE = YES;
				IPHONEOS_DEPLOYMENT_TARGET = 14.4;
				MTL_ENABLE_DEBUG_INFO = NO;
				MTL_FAST_MATH = YES;
				SDKROOT = iphoneos;
				SWIFT_COMPILATION_MODE = wholemodule;
				SWIFT_OPTIMIZATION_LEVEL = "-O";
				VALIDATE_PRODUCT = YES;
			};
			name = Release;
		};
		483170B625D8B74B00C41560 /* Debug */ = {
			isa = XCBuildConfiguration;
			buildSettings = {
				ASSETCATALOG_COMPILER_APPICON_NAME = AppIcon;
				ASSETCATALOG_COMPILER_GLOBAL_ACCENT_COLOR_NAME = AccentColor;
				CODE_SIGN_STYLE = Automatic;
				DEVELOPMENT_TEAM = RRL59WJ89J;
				INFOPLIST_FILE = Octopoda/Info.plist;
				LD_RUNPATH_SEARCH_PATHS = (
					"$(inherited)",
					"@executable_path/Frameworks",
				);
				PRODUCT_BUNDLE_IDENTIFIER = de.mmuejde.Octopoda;
				PRODUCT_NAME = "$(TARGET_NAME)";
				SWIFT_VERSION = 5.0;
				TARGETED_DEVICE_FAMILY = "1,2";
			};
			name = Debug;
		};
		483170B725D8B74B00C41560 /* Release */ = {
			isa = XCBuildConfiguration;
			buildSettings = {
				ASSETCATALOG_COMPILER_APPICON_NAME = AppIcon;
				ASSETCATALOG_COMPILER_GLOBAL_ACCENT_COLOR_NAME = AccentColor;
				CODE_SIGN_STYLE = Automatic;
				DEVELOPMENT_TEAM = RRL59WJ89J;
				INFOPLIST_FILE = Octopoda/Info.plist;
				LD_RUNPATH_SEARCH_PATHS = (
					"$(inherited)",
					"@executable_path/Frameworks",
				);
				PRODUCT_BUNDLE_IDENTIFIER = de.mmuejde.Octopoda;
				PRODUCT_NAME = "$(TARGET_NAME)";
				SWIFT_VERSION = 5.0;
				TARGETED_DEVICE_FAMILY = "1,2";
			};
			name = Release;
		};
/* End XCBuildConfiguration section */

/* Begin XCConfigurationList section */
		4831709925D8B74A00C41560 /* Build configuration list for PBXProject "Octopoda" */ = {
			isa = XCConfigurationList;
			buildConfigurations = (
				483170B325D8B74B00C41560 /* Debug */,
				483170B425D8B74B00C41560 /* Release */,
			);
			defaultConfigurationIsVisible = 0;
			defaultConfigurationName = Release;
		};
		483170B525D8B74B00C41560 /* Build configuration list for PBXNativeTarget "Octopoda" */ = {
			isa = XCConfigurationList;
			buildConfigurations = (
				483170B625D8B74B00C41560 /* Debug */,
				483170B725D8B74B00C41560 /* Release */,
			);
			defaultConfigurationIsVisible = 0;
			defaultConfigurationName = Release;
		};
/* End XCConfigurationList section */

/* Begin XCVersionGroup section */
		483170AA25D8B74A00C41560 /* Octopoda.xcdatamodeld */ = {
			isa = XCVersionGroup;
			children = (
				483170AB25D8B74A00C41560 /* Octopoda.xcdatamodel */,
			);
			currentVersion = 483170AB25D8B74A00C41560 /* Octopoda.xcdatamodel */;
			path = Octopoda.xcdatamodeld;
			sourceTree = "<group>";
			versionGroupType = wrapper.xcdatamodel;
		};
/* End XCVersionGroup section */
	};
	rootObject = 4831709625D8B74A00C41560 /* Project object */;
}
